// !$*UTF8*$!
{
	archiveVersion = 1;
	classes = {
	};
	objectVersion = 56;
	objects = {

/* Begin PBXBuildFile section */
		65145BC02C01970700308749 /* Extensions.swift in Sources */ = {isa = PBXBuildFile; fileRef = 65145BBF2C01970700308749 /* Extensions.swift */; };
		65145BC22C019F5B00308749 /* HomePageViewModel.swift in Sources */ = {isa = PBXBuildFile; fileRef = 65145BC12C019F5B00308749 /* HomePageViewModel.swift */; };
		65145BC52C01A17D00308749 /* BalanceCell.swift in Sources */ = {isa = PBXBuildFile; fileRef = 65145BC32C01A17D00308749 /* BalanceCell.swift */; };
		65145BC62C01A17D00308749 /* BalanceCell.xib in Resources */ = {isa = PBXBuildFile; fileRef = 65145BC42C01A17D00308749 /* BalanceCell.xib */; };
		65145BC92C01A64400308749 /* FunctionButtonsCell.swift in Sources */ = {isa = PBXBuildFile; fileRef = 65145BC72C01A64400308749 /* FunctionButtonsCell.swift */; };
		65145BCA2C01A64400308749 /* FunctionButtonsCell.xib in Resources */ = {isa = PBXBuildFile; fileRef = 65145BC82C01A64400308749 /* FunctionButtonsCell.xib */; };
		65145BCF2C01AEF300308749 /* FavoriteButtonsTitleCell.swift in Sources */ = {isa = PBXBuildFile; fileRef = 65145BCD2C01AEF300308749 /* FavoriteButtonsTitleCell.swift */; };
		65145BD02C01AEF300308749 /* FavoriteButtonsTitleCell.xib in Resources */ = {isa = PBXBuildFile; fileRef = 65145BCE2C01AEF300308749 /* FavoriteButtonsTitleCell.xib */; };
		65145BD32C025C2E00308749 /* FavoriteButtonsCell.swift in Sources */ = {isa = PBXBuildFile; fileRef = 65145BD12C025C2E00308749 /* FavoriteButtonsCell.swift */; };
		65145BD42C025C2E00308749 /* FavoriteButtonsCell.xib in Resources */ = {isa = PBXBuildFile; fileRef = 65145BD22C025C2E00308749 /* FavoriteButtonsCell.xib */; };
		65145BD72C02609300308749 /* ADsCell.swift in Sources */ = {isa = PBXBuildFile; fileRef = 65145BD52C02609300308749 /* ADsCell.swift */; };
		65145BD82C02609300308749 /* ADsCell.xib in Resources */ = {isa = PBXBuildFile; fileRef = 65145BD62C02609300308749 /* ADsCell.xib */; };
		65145BDB2C02E45B00308749 /* MainViewController.swift in Sources */ = {isa = PBXBuildFile; fileRef = 65145BDA2C02E45B00308749 /* MainViewController.swift */; };
		65145BDE2C02F90700308749 /* FloatingTabBarView.xib in Resources */ = {isa = PBXBuildFile; fileRef = 65145BDD2C02F90700308749 /* FloatingTabBarView.xib */; };
		65145BE42C031B9E00308749 /* DataModel.swift in Sources */ = {isa = PBXBuildFile; fileRef = 65145BE32C031B9E00308749 /* DataModel.swift */; };
		65145BE62C032DC800308749 /* APIController.swift in Sources */ = {isa = PBXBuildFile; fileRef = 65145BE52C032DC800308749 /* APIController.swift */; };
		65145BE82C035CA600308749 /* ADViewController.swift in Sources */ = {isa = PBXBuildFile; fileRef = 65145BE72C035CA600308749 /* ADViewController.swift */; };
		65145BEC2C03905400308749 /* NotificationTableViewController.swift in Sources */ = {isa = PBXBuildFile; fileRef = 65145BEB2C03905400308749 /* NotificationTableViewController.swift */; };
		65145BEF2C0390B500308749 /* NotificationCell.swift in Sources */ = {isa = PBXBuildFile; fileRef = 65145BED2C0390B500308749 /* NotificationCell.swift */; };
		65145BF02C0390B500308749 /* NotificationCell.xib in Resources */ = {isa = PBXBuildFile; fileRef = 65145BEE2C0390B500308749 /* NotificationCell.xib */; };
		658DE4052C0157CB0051EBC5 /* AppDelegate.swift in Sources */ = {isa = PBXBuildFile; fileRef = 658DE4042C0157CB0051EBC5 /* AppDelegate.swift */; };
		658DE4072C0157CB0051EBC5 /* SceneDelegate.swift in Sources */ = {isa = PBXBuildFile; fileRef = 658DE4062C0157CB0051EBC5 /* SceneDelegate.swift */; };
		658DE4092C0157CB0051EBC5 /* HomePageViewController.swift in Sources */ = {isa = PBXBuildFile; fileRef = 658DE4082C0157CB0051EBC5 /* HomePageViewController.swift */; };
		658DE40E2C0157CD0051EBC5 /* Assets.xcassets in Resources */ = {isa = PBXBuildFile; fileRef = 658DE40D2C0157CD0051EBC5 /* Assets.xcassets */; };
		658DE4112C0157CD0051EBC5 /* LaunchScreen.storyboard in Resources */ = {isa = PBXBuildFile; fileRef = 658DE40F2C0157CD0051EBC5 /* LaunchScreen.storyboard */; };
		65BDB94F2C04C4C800A8228D /* FavoriteItemCell.swift in Sources */ = {isa = PBXBuildFile; fileRef = 65BDB94D2C04C4C800A8228D /* FavoriteItemCell.swift */; };
		65BDB9502C04C4C800A8228D /* FavoriteItemCell.xib in Resources */ = {isa = PBXBuildFile; fileRef = 65BDB94E2C04C4C800A8228D /* FavoriteItemCell.xib */; };
		65FA34292C01622E00DC452D /* HeadAndNotificationCell.swift in Sources */ = {isa = PBXBuildFile; fileRef = 65FA34272C01622E00DC452D /* HeadAndNotificationCell.swift */; };
		65FA342A2C01622E00DC452D /* HeadAndNotificationCell.xib in Resources */ = {isa = PBXBuildFile; fileRef = 65FA34282C01622E00DC452D /* HeadAndNotificationCell.xib */; };
		65FA342F2C01678700DC452D /* AccountBalanceTitleCell.swift in Sources */ = {isa = PBXBuildFile; fileRef = 65FA342D2C01678600DC452D /* AccountBalanceTitleCell.swift */; };
		65FA34302C01678700DC452D /* AccountBalanceTitleCell.xib in Resources */ = {isa = PBXBuildFile; fileRef = 65FA342E2C01678600DC452D /* AccountBalanceTitleCell.xib */; };
/* End PBXBuildFile section */

/* Begin PBXFileReference section */
		65145BBF2C01970700308749 /* Extensions.swift */ = {isa = PBXFileReference; lastKnownFileType = sourcecode.swift; path = Extensions.swift; sourceTree = "<group>"; };
		65145BC12C019F5B00308749 /* HomePageViewModel.swift */ = {isa = PBXFileReference; lastKnownFileType = sourcecode.swift; path = HomePageViewModel.swift; sourceTree = "<group>"; };
		65145BC32C01A17D00308749 /* BalanceCell.swift */ = {isa = PBXFileReference; lastKnownFileType = sourcecode.swift; path = BalanceCell.swift; sourceTree = "<group>"; };
		65145BC42C01A17D00308749 /* BalanceCell.xib */ = {isa = PBXFileReference; lastKnownFileType = file.xib; path = BalanceCell.xib; sourceTree = "<group>"; };
		65145BC72C01A64400308749 /* FunctionButtonsCell.swift */ = {isa = PBXFileReference; lastKnownFileType = sourcecode.swift; path = FunctionButtonsCell.swift; sourceTree = "<group>"; };
		65145BC82C01A64400308749 /* FunctionButtonsCell.xib */ = {isa = PBXFileReference; lastKnownFileType = file.xib; path = FunctionButtonsCell.xib; sourceTree = "<group>"; };
		65145BCD2C01AEF300308749 /* FavoriteButtonsTitleCell.swift */ = {isa = PBXFileReference; lastKnownFileType = sourcecode.swift; path = FavoriteButtonsTitleCell.swift; sourceTree = "<group>"; };
		65145BCE2C01AEF300308749 /* FavoriteButtonsTitleCell.xib */ = {isa = PBXFileReference; lastKnownFileType = file.xib; path = FavoriteButtonsTitleCell.xib; sourceTree = "<group>"; };
		65145BD12C025C2E00308749 /* FavoriteButtonsCell.swift */ = {isa = PBXFileReference; lastKnownFileType = sourcecode.swift; path = FavoriteButtonsCell.swift; sourceTree = "<group>"; };
		65145BD22C025C2E00308749 /* FavoriteButtonsCell.xib */ = {isa = PBXFileReference; lastKnownFileType = file.xib; path = FavoriteButtonsCell.xib; sourceTree = "<group>"; };
		65145BD52C02609300308749 /* ADsCell.swift */ = {isa = PBXFileReference; lastKnownFileType = sourcecode.swift; path = ADsCell.swift; sourceTree = "<group>"; };
		65145BD62C02609300308749 /* ADsCell.xib */ = {isa = PBXFileReference; lastKnownFileType = file.xib; path = ADsCell.xib; sourceTree = "<group>"; };
		65145BDA2C02E45B00308749 /* MainViewController.swift */ = {isa = PBXFileReference; lastKnownFileType = sourcecode.swift; path = MainViewController.swift; sourceTree = "<group>"; };
		65145BDD2C02F90700308749 /* FloatingTabBarView.xib */ = {isa = PBXFileReference; lastKnownFileType = file.xib; path = FloatingTabBarView.xib; sourceTree = "<group>"; };
		65145BE32C031B9E00308749 /* DataModel.swift */ = {isa = PBXFileReference; lastKnownFileType = sourcecode.swift; path = DataModel.swift; sourceTree = "<group>"; };
		65145BE52C032DC800308749 /* APIController.swift */ = {isa = PBXFileReference; lastKnownFileType = sourcecode.swift; path = APIController.swift; sourceTree = "<group>"; };
		65145BE72C035CA600308749 /* ADViewController.swift */ = {isa = PBXFileReference; lastKnownFileType = sourcecode.swift; path = ADViewController.swift; sourceTree = "<group>"; };
		65145BEB2C03905400308749 /* NotificationTableViewController.swift */ = {isa = PBXFileReference; lastKnownFileType = sourcecode.swift; path = NotificationTableViewController.swift; sourceTree = "<group>"; };
		65145BED2C0390B500308749 /* NotificationCell.swift */ = {isa = PBXFileReference; lastKnownFileType = sourcecode.swift; path = NotificationCell.swift; sourceTree = "<group>"; };
		65145BEE2C0390B500308749 /* NotificationCell.xib */ = {isa = PBXFileReference; lastKnownFileType = file.xib; path = NotificationCell.xib; sourceTree = "<group>"; };
		658DE4012C0157CB0051EBC5 /* BankTest.app */ = {isa = PBXFileReference; explicitFileType = wrapper.application; includeInIndex = 0; path = BankTest.app; sourceTree = BUILT_PRODUCTS_DIR; };
		658DE4042C0157CB0051EBC5 /* AppDelegate.swift */ = {isa = PBXFileReference; lastKnownFileType = sourcecode.swift; path = AppDelegate.swift; sourceTree = "<group>"; };
		658DE4062C0157CB0051EBC5 /* SceneDelegate.swift */ = {isa = PBXFileReference; lastKnownFileType = sourcecode.swift; path = SceneDelegate.swift; sourceTree = "<group>"; };
		658DE4082C0157CB0051EBC5 /* HomePageViewController.swift */ = {isa = PBXFileReference; lastKnownFileType = sourcecode.swift; path = HomePageViewController.swift; sourceTree = "<group>"; };
		658DE40D2C0157CD0051EBC5 /* Assets.xcassets */ = {isa = PBXFileReference; lastKnownFileType = folder.assetcatalog; path = Assets.xcassets; sourceTree = "<group>"; };
		658DE4102C0157CD0051EBC5 /* Base */ = {isa = PBXFileReference; lastKnownFileType = file.storyboard; name = Base; path = Base.lproj/LaunchScreen.storyboard; sourceTree = "<group>"; };
		658DE4122C0157CD0051EBC5 /* Info.plist */ = {isa = PBXFileReference; lastKnownFileType = text.plist.xml; path = Info.plist; sourceTree = "<group>"; };
		65BDB94D2C04C4C800A8228D /* FavoriteItemCell.swift */ = {isa = PBXFileReference; lastKnownFileType = sourcecode.swift; path = FavoriteItemCell.swift; sourceTree = "<group>"; };
		65BDB94E2C04C4C800A8228D /* FavoriteItemCell.xib */ = {isa = PBXFileReference; lastKnownFileType = file.xib; path = FavoriteItemCell.xib; sourceTree = "<group>"; };
		65FA34272C01622E00DC452D /* HeadAndNotificationCell.swift */ = {isa = PBXFileReference; lastKnownFileType = sourcecode.swift; path = HeadAndNotificationCell.swift; sourceTree = "<group>"; };
		65FA34282C01622E00DC452D /* HeadAndNotificationCell.xib */ = {isa = PBXFileReference; lastKnownFileType = file.xib; path = HeadAndNotificationCell.xib; sourceTree = "<group>"; };
		65FA342D2C01678600DC452D /* AccountBalanceTitleCell.swift */ = {isa = PBXFileReference; lastKnownFileType = sourcecode.swift; path = AccountBalanceTitleCell.swift; sourceTree = "<group>"; };
		65FA342E2C01678600DC452D /* AccountBalanceTitleCell.xib */ = {isa = PBXFileReference; lastKnownFileType = file.xib; path = AccountBalanceTitleCell.xib; sourceTree = "<group>"; };
/* End PBXFileReference section */

/* Begin PBXFrameworksBuildPhase section */
		658DE3FE2C0157CB0051EBC5 /* Frameworks */ = {
			isa = PBXFrameworksBuildPhase;
			buildActionMask = 2147483647;
			files = (
			);
			runOnlyForDeploymentPostprocessing = 0;
		};
/* End PBXFrameworksBuildPhase section */

/* Begin PBXGroup section */
		65145BDC2C02F8E600308749 /* FloatingTabBar */ = {
			isa = PBXGroup;
			children = (
				65145BDD2C02F90700308749 /* FloatingTabBarView.xib */,
			);
			path = FloatingTabBar;
			sourceTree = "<group>";
		};
		65145BE12C031B8200308749 /* DataModel */ = {
			isa = PBXGroup;
			children = (
				65145BE32C031B9E00308749 /* DataModel.swift */,
			);
			path = DataModel;
			sourceTree = "<group>";
		};
		658DE3F82C0157CB0051EBC5 = {
			isa = PBXGroup;
			children = (
				658DE4032C0157CB0051EBC5 /* BankTest */,
				658DE4022C0157CB0051EBC5 /* Products */,
			);
			sourceTree = "<group>";
		};
		658DE4022C0157CB0051EBC5 /* Products */ = {
			isa = PBXGroup;
			children = (
				658DE4012C0157CB0051EBC5 /* BankTest.app */,
			);
			name = Products;
			sourceTree = "<group>";
		};
		658DE4032C0157CB0051EBC5 /* BankTest */ = {
			isa = PBXGroup;
			children = (
				658DE4042C0157CB0051EBC5 /* AppDelegate.swift */,
				658DE4062C0157CB0051EBC5 /* SceneDelegate.swift */,
				65145BBF2C01970700308749 /* Extensions.swift */,
				65145BE52C032DC800308749 /* APIController.swift */,
				65145BDA2C02E45B00308749 /* MainViewController.swift */,
				658DE4082C0157CB0051EBC5 /* HomePageViewController.swift */,
				65145BC12C019F5B00308749 /* HomePageViewModel.swift */,
				65145BEB2C03905400308749 /* NotificationTableViewController.swift */,
				65145BE72C035CA600308749 /* ADViewController.swift */,
				65145BDC2C02F8E600308749 /* FloatingTabBar */,
				65FA34262C015F3200DC452D /* CustomTableViewCells */,
				65BDB94C2C04C48700A8228D /* CustomCollectionViewCells */,
				65145BE12C031B8200308749 /* DataModel */,
				658DE40D2C0157CD0051EBC5 /* Assets.xcassets */,
				658DE40F2C0157CD0051EBC5 /* LaunchScreen.storyboard */,
				658DE4122C0157CD0051EBC5 /* Info.plist */,
			);
			path = BankTest;
			sourceTree = "<group>";
		};
		65BDB94C2C04C48700A8228D /* CustomCollectionViewCells */ = {
			isa = PBXGroup;
			children = (
				65BDB94D2C04C4C800A8228D /* FavoriteItemCell.swift */,
				65BDB94E2C04C4C800A8228D /* FavoriteItemCell.xib */,
			);
			path = CustomCollectionViewCells;
			sourceTree = "<group>";
		};
		65FA34262C015F3200DC452D /* CustomTableViewCells */ = {
			isa = PBXGroup;
			children = (
				65FA34272C01622E00DC452D /* HeadAndNotificationCell.swift */,
				65FA34282C01622E00DC452D /* HeadAndNotificationCell.xib */,
				65FA342D2C01678600DC452D /* AccountBalanceTitleCell.swift */,
				65FA342E2C01678600DC452D /* AccountBalanceTitleCell.xib */,
				65145BC32C01A17D00308749 /* BalanceCell.swift */,
				65145BC42C01A17D00308749 /* BalanceCell.xib */,
				65145BC72C01A64400308749 /* FunctionButtonsCell.swift */,
				65145BC82C01A64400308749 /* FunctionButtonsCell.xib */,
				65145BCD2C01AEF300308749 /* FavoriteButtonsTitleCell.swift */,
				65145BCE2C01AEF300308749 /* FavoriteButtonsTitleCell.xib */,
				65145BD12C025C2E00308749 /* FavoriteButtonsCell.swift */,
				65145BD22C025C2E00308749 /* FavoriteButtonsCell.xib */,
				65145BD52C02609300308749 /* ADsCell.swift */,
				65145BD62C02609300308749 /* ADsCell.xib */,
				65145BED2C0390B500308749 /* NotificationCell.swift */,
				65145BEE2C0390B500308749 /* NotificationCell.xib */,
			);
			path = CustomTableViewCells;
			sourceTree = "<group>";
		};
/* End PBXGroup section */

/* Begin PBXNativeTarget section */
		658DE4002C0157CB0051EBC5 /* BankTest */ = {
			isa = PBXNativeTarget;
			buildConfigurationList = 658DE4152C0157CD0051EBC5 /* Build configuration list for PBXNativeTarget "BankTest" */;
			buildPhases = (
				658DE3FD2C0157CB0051EBC5 /* Sources */,
				658DE3FE2C0157CB0051EBC5 /* Frameworks */,
				658DE3FF2C0157CB0051EBC5 /* Resources */,
			);
			buildRules = (
			);
			dependencies = (
			);
			name = BankTest;
			productName = BankTest;
			productReference = 658DE4012C0157CB0051EBC5 /* BankTest.app */;
			productType = "com.apple.product-type.application";
		};
/* End PBXNativeTarget section */

/* Begin PBXProject section */
		658DE3F92C0157CB0051EBC5 /* Project object */ = {
			isa = PBXProject;
			attributes = {
				BuildIndependentTargetsInParallel = 1;
				LastSwiftUpdateCheck = 1500;
				LastUpgradeCheck = 1500;
				TargetAttributes = {
					658DE4002C0157CB0051EBC5 = {
						CreatedOnToolsVersion = 15.0;
					};
				};
			};
			buildConfigurationList = 658DE3FC2C0157CB0051EBC5 /* Build configuration list for PBXProject "BankTest" */;
			compatibilityVersion = "Xcode 14.0";
			developmentRegion = en;
			hasScannedForEncodings = 0;
			knownRegions = (
				en,
				Base,
			);
			mainGroup = 658DE3F82C0157CB0051EBC5;
			productRefGroup = 658DE4022C0157CB0051EBC5 /* Products */;
			projectDirPath = "";
			projectRoot = "";
			targets = (
				658DE4002C0157CB0051EBC5 /* BankTest */,
			);
		};
/* End PBXProject section */

/* Begin PBXResourcesBuildPhase section */
		658DE3FF2C0157CB0051EBC5 /* Resources */ = {
			isa = PBXResourcesBuildPhase;
			buildActionMask = 2147483647;
			files = (
				65BDB9502C04C4C800A8228D /* FavoriteItemCell.xib in Resources */,
				65145BF02C0390B500308749 /* NotificationCell.xib in Resources */,
				65145BCA2C01A64400308749 /* FunctionButtonsCell.xib in Resources */,
				65145BD82C02609300308749 /* ADsCell.xib in Resources */,
				65FA342A2C01622E00DC452D /* HeadAndNotificationCell.xib in Resources */,
				65145BD02C01AEF300308749 /* FavoriteButtonsTitleCell.xib in Resources */,
				65FA34302C01678700DC452D /* AccountBalanceTitleCell.xib in Resources */,
				65145BC62C01A17D00308749 /* BalanceCell.xib in Resources */,
				65145BDE2C02F90700308749 /* FloatingTabBarView.xib in Resources */,
				658DE4112C0157CD0051EBC5 /* LaunchScreen.storyboard in Resources */,
				658DE40E2C0157CD0051EBC5 /* Assets.xcassets in Resources */,
				65145BD42C025C2E00308749 /* FavoriteButtonsCell.xib in Resources */,
			);
			runOnlyForDeploymentPostprocessing = 0;
		};
/* End PBXResourcesBuildPhase section */

/* Begin PBXSourcesBuildPhase section */
		658DE3FD2C0157CB0051EBC5 /* Sources */ = {
			isa = PBXSourcesBuildPhase;
			buildActionMask = 2147483647;
			files = (
				65145BD72C02609300308749 /* ADsCell.swift in Sources */,
				65145BDB2C02E45B00308749 /* MainViewController.swift in Sources */,
				65FA342F2C01678700DC452D /* AccountBalanceTitleCell.swift in Sources */,
				65145BC02C01970700308749 /* Extensions.swift in Sources */,
				65145BEC2C03905400308749 /* NotificationTableViewController.swift in Sources */,
				65145BC92C01A64400308749 /* FunctionButtonsCell.swift in Sources */,
				65145BE82C035CA600308749 /* ADViewController.swift in Sources */,
				65145BC52C01A17D00308749 /* BalanceCell.swift in Sources */,
				65145BC22C019F5B00308749 /* HomePageViewModel.swift in Sources */,
				65FA34292C01622E00DC452D /* HeadAndNotificationCell.swift in Sources */,
				65145BEF2C0390B500308749 /* NotificationCell.swift in Sources */,
				65BDB94F2C04C4C800A8228D /* FavoriteItemCell.swift in Sources */,
				65145BCF2C01AEF300308749 /* FavoriteButtonsTitleCell.swift in Sources */,
				65145BE42C031B9E00308749 /* DataModel.swift in Sources */,
				658DE4092C0157CB0051EBC5 /* HomePageViewController.swift in Sources */,
				658DE4052C0157CB0051EBC5 /* AppDelegate.swift in Sources */,
				658DE4072C0157CB0051EBC5 /* SceneDelegate.swift in Sources */,
				65145BD32C025C2E00308749 /* FavoriteButtonsCell.swift in Sources */,
				65145BE62C032DC800308749 /* APIController.swift in Sources */,
			);
			runOnlyForDeploymentPostprocessing = 0;
		};
/* End PBXSourcesBuildPhase section */

/* Begin PBXVariantGroup section */
		658DE40F2C0157CD0051EBC5 /* LaunchScreen.storyboard */ = {
			isa = PBXVariantGroup;
			children = (
				658DE4102C0157CD0051EBC5 /* Base */,
			);
			name = LaunchScreen.storyboard;
			sourceTree = "<group>";
		};
/* End PBXVariantGroup section */

/* Begin XCBuildConfiguration section */
		658DE4132C0157CD0051EBC5 /* Debug */ = {
			isa = XCBuildConfiguration;
			buildSettings = {
				ALWAYS_SEARCH_USER_PATHS = NO;
				ASSETCATALOG_COMPILER_GENERATE_SWIFT_ASSET_SYMBOL_EXTENSIONS = YES;
				CLANG_ANALYZER_NONNULL = YES;
				CLANG_ANALYZER_NUMBER_OBJECT_CONVERSION = YES_AGGRESSIVE;
				CLANG_CXX_LANGUAGE_STANDARD = "gnu++20";
				CLANG_ENABLE_MODULES = YES;
				CLANG_ENABLE_OBJC_ARC = YES;
				CLANG_ENABLE_OBJC_WEAK = YES;
				CLANG_WARN_BLOCK_CAPTURE_AUTORELEASING = YES;
				CLANG_WARN_BOOL_CONVERSION = YES;
				CLANG_WARN_COMMA = YES;
				CLANG_WARN_CONSTANT_CONVERSION = YES;
				CLANG_WARN_DEPRECATED_OBJC_IMPLEMENTATIONS = YES;
				CLANG_WARN_DIRECT_OBJC_ISA_USAGE = YES_ERROR;
				CLANG_WARN_DOCUMENTATION_COMMENTS = YES;
				CLANG_WARN_EMPTY_BODY = YES;
				CLANG_WARN_ENUM_CONVERSION = YES;
				CLANG_WARN_INFINITE_RECURSION = YES;
				CLANG_WARN_INT_CONVERSION = YES;
				CLANG_WARN_NON_LITERAL_NULL_CONVERSION = YES;
				CLANG_WARN_OBJC_IMPLICIT_RETAIN_SELF = YES;
				CLANG_WARN_OBJC_LITERAL_CONVERSION = YES;
				CLANG_WARN_OBJC_ROOT_CLASS = YES_ERROR;
				CLANG_WARN_QUOTED_INCLUDE_IN_FRAMEWORK_HEADER = YES;
				CLANG_WARN_RANGE_LOOP_ANALYSIS = YES;
				CLANG_WARN_STRICT_PROTOTYPES = YES;
				CLANG_WARN_SUSPICIOUS_MOVE = YES;
				CLANG_WARN_UNGUARDED_AVAILABILITY = YES_AGGRESSIVE;
				CLANG_WARN_UNREACHABLE_CODE = YES;
				CLANG_WARN__DUPLICATE_METHOD_MATCH = YES;
				COPY_PHASE_STRIP = NO;
				DEBUG_INFORMATION_FORMAT = dwarf;
				ENABLE_STRICT_OBJC_MSGSEND = YES;
				ENABLE_TESTABILITY = YES;
				ENABLE_USER_SCRIPT_SANDBOXING = YES;
				GCC_C_LANGUAGE_STANDARD = gnu17;
				GCC_DYNAMIC_NO_PIC = NO;
				GCC_NO_COMMON_BLOCKS = YES;
				GCC_OPTIMIZATION_LEVEL = 0;
				GCC_PREPROCESSOR_DEFINITIONS = (
					"DEBUG=1",
					"$(inherited)",
				);
				GCC_WARN_64_TO_32_BIT_CONVERSION = YES;
				GCC_WARN_ABOUT_RETURN_TYPE = YES_ERROR;
				GCC_WARN_UNDECLARED_SELECTOR = YES;
				GCC_WARN_UNINITIALIZED_AUTOS = YES_AGGRESSIVE;
				GCC_WARN_UNUSED_FUNCTION = YES;
				GCC_WARN_UNUSED_VARIABLE = YES;
				IPHONEOS_DEPLOYMENT_TARGET = 17.0;
				LOCALIZATION_PREFERS_STRING_CATALOGS = YES;
				MTL_ENABLE_DEBUG_INFO = INCLUDE_SOURCE;
				MTL_FAST_MATH = YES;
				ONLY_ACTIVE_ARCH = YES;
				SDKROOT = iphoneos;
				SWIFT_ACTIVE_COMPILATION_CONDITIONS = "DEBUG $(inherited)";
				SWIFT_OPTIMIZATION_LEVEL = "-Onone";
			};
			name = Debug;
		};
		658DE4142C0157CD0051EBC5 /* Release */ = {
			isa = XCBuildConfiguration;
			buildSettings = {
				ALWAYS_SEARCH_USER_PATHS = NO;
				ASSETCATALOG_COMPILER_GENERATE_SWIFT_ASSET_SYMBOL_EXTENSIONS = YES;
				CLANG_ANALYZER_NONNULL = YES;
				CLANG_ANALYZER_NUMBER_OBJECT_CONVERSION = YES_AGGRESSIVE;
				CLANG_CXX_LANGUAGE_STANDARD = "gnu++20";
				CLANG_ENABLE_MODULES = YES;
				CLANG_ENABLE_OBJC_ARC = YES;
				CLANG_ENABLE_OBJC_WEAK = YES;
				CLANG_WARN_BLOCK_CAPTURE_AUTORELEASING = YES;
				CLANG_WARN_BOOL_CONVERSION = YES;
				CLANG_WARN_COMMA = YES;
				CLANG_WARN_CONSTANT_CONVERSION = YES;
				CLANG_WARN_DEPRECATED_OBJC_IMPLEMENTATIONS = YES;
				CLANG_WARN_DIRECT_OBJC_ISA_USAGE = YES_ERROR;
				CLANG_WARN_DOCUMENTATION_COMMENTS = YES;
				CLANG_WARN_EMPTY_BODY = YES;
				CLANG_WARN_ENUM_CONVERSION = YES;
				CLANG_WARN_INFINITE_RECURSION = YES;
				CLANG_WARN_INT_CONVERSION = YES;
				CLANG_WARN_NON_LITERAL_NULL_CONVERSION = YES;
				CLANG_WARN_OBJC_IMPLICIT_RETAIN_SELF = YES;
				CLANG_WARN_OBJC_LITERAL_CONVERSION = YES;
				CLANG_WARN_OBJC_ROOT_CLASS = YES_ERROR;
				CLANG_WARN_QUOTED_INCLUDE_IN_FRAMEWORK_HEADER = YES;
				CLANG_WARN_RANGE_LOOP_ANALYSIS = YES;
				CLANG_WARN_STRICT_PROTOTYPES = YES;
				CLANG_WARN_SUSPICIOUS_MOVE = YES;
				CLANG_WARN_UNGUARDED_AVAILABILITY = YES_AGGRESSIVE;
				CLANG_WARN_UNREACHABLE_CODE = YES;
				CLANG_WARN__DUPLICATE_METHOD_MATCH = YES;
				COPY_PHASE_STRIP = NO;
				DEBUG_INFORMATION_FORMAT = "dwarf-with-dsym";
				ENABLE_NS_ASSERTIONS = NO;
				ENABLE_STRICT_OBJC_MSGSEND = YES;
				ENABLE_USER_SCRIPT_SANDBOXING = YES;
				GCC_C_LANGUAGE_STANDARD = gnu17;
				GCC_NO_COMMON_BLOCKS = YES;
				GCC_WARN_64_TO_32_BIT_CONVERSION = YES;
				GCC_WARN_ABOUT_RETURN_TYPE = YES_ERROR;
				GCC_WARN_UNDECLARED_SELECTOR = YES;
				GCC_WARN_UNINITIALIZED_AUTOS = YES_AGGRESSIVE;
				GCC_WARN_UNUSED_FUNCTION = YES;
				GCC_WARN_UNUSED_VARIABLE = YES;
				IPHONEOS_DEPLOYMENT_TARGET = 17.0;
				LOCALIZATION_PREFERS_STRING_CATALOGS = YES;
				MTL_ENABLE_DEBUG_INFO = NO;
				MTL_FAST_MATH = YES;
				SDKROOT = iphoneos;
				SWIFT_COMPILATION_MODE = wholemodule;
				VALIDATE_PRODUCT = YES;
			};
			name = Release;
		};
		658DE4162C0157CD0051EBC5 /* Debug */ = {
			isa = XCBuildConfiguration;
			buildSettings = {
				ASSETCATALOG_COMPILER_APPICON_NAME = AppIcon;
				ASSETCATALOG_COMPILER_GLOBAL_ACCENT_COLOR_NAME = AccentColor;
				CODE_SIGN_STYLE = Automatic;
				CURRENT_PROJECT_VERSION = 1;
				DEVELOPMENT_TEAM = B8Y55AR67D;
				GENERATE_INFOPLIST_FILE = YES;
				INFOPLIST_FILE = BankTest/Info.plist;
				INFOPLIST_KEY_UIApplicationSupportsIndirectInputEvents = YES;
				INFOPLIST_KEY_UILaunchStoryboardName = LaunchScreen;
				INFOPLIST_KEY_UISupportedInterfaceOrientations_iPad = "UIInterfaceOrientationPortrait UIInterfaceOrientationPortraitUpsideDown UIInterfaceOrientationLandscapeLeft UIInterfaceOrientationLandscapeRight";
				INFOPLIST_KEY_UISupportedInterfaceOrientations_iPhone = "UIInterfaceOrientationPortrait UIInterfaceOrientationLandscapeLeft UIInterfaceOrientationLandscapeRight";
				LD_RUNPATH_SEARCH_PATHS = (
					"$(inherited)",
					"@executable_path/Frameworks",
				);
				MARKETING_VERSION = 1.0;
				PRODUCT_BUNDLE_IDENTIFIER = "new-app.BankTest";
				PRODUCT_NAME = "$(TARGET_NAME)";
				SWIFT_EMIT_LOC_STRINGS = YES;
				SWIFT_VERSION = 5.0;
				TARGETED_DEVICE_FAMILY = "1,2";
			};
			name = Debug;
		};
		658DE4172C0157CD0051EBC5 /* Release */ = {
			isa = XCBuildConfiguration;
			buildSettings = {
				ASSETCATALOG_COMPILER_APPICON_NAME = AppIcon;
				ASSETCATALOG_COMPILER_GLOBAL_ACCENT_COLOR_NAME = AccentColor;
				CODE_SIGN_STYLE = Automatic;
				CURRENT_PROJECT_VERSION = 1;
				DEVELOPMENT_TEAM = B8Y55AR67D;
				GENERATE_INFOPLIST_FILE = YES;
				INFOPLIST_FILE = BankTest/Info.plist;
				INFOPLIST_KEY_UIApplicationSupportsIndirectInputEvents = YES;
				INFOPLIST_KEY_UILaunchStoryboardName = LaunchScreen;
				INFOPLIST_KEY_UISupportedInterfaceOrientations_iPad = "UIInterfaceOrientationPortrait UIInterfaceOrientationPortraitUpsideDown UIInterfaceOrientationLandscapeLeft UIInterfaceOrientationLandscapeRight";
				INFOPLIST_KEY_UISupportedInterfaceOrientations_iPhone = "UIInterfaceOrientationPortrait UIInterfaceOrientationLandscapeLeft UIInterfaceOrientationLandscapeRight";
				LD_RUNPATH_SEARCH_PATHS = (
					"$(inherited)",
					"@executable_path/Frameworks",
				);
				MARKETING_VERSION = 1.0;
				PRODUCT_BUNDLE_IDENTIFIER = "new-app.BankTest";
				PRODUCT_NAME = "$(TARGET_NAME)";
				SWIFT_EMIT_LOC_STRINGS = YES;
				SWIFT_VERSION = 5.0;
				TARGETED_DEVICE_FAMILY = "1,2";
			};
			name = Release;
		};
/* End XCBuildConfiguration section */

/* Begin XCConfigurationList section */
		658DE3FC2C0157CB0051EBC5 /* Build configuration list for PBXProject "BankTest" */ = {
			isa = XCConfigurationList;
			buildConfigurations = (
				658DE4132C0157CD0051EBC5 /* Debug */,
				658DE4142C0157CD0051EBC5 /* Release */,
			);
			defaultConfigurationIsVisible = 0;
			defaultConfigurationName = Release;
		};
		658DE4152C0157CD0051EBC5 /* Build configuration list for PBXNativeTarget "BankTest" */ = {
			isa = XCConfigurationList;
			buildConfigurations = (
				658DE4162C0157CD0051EBC5 /* Debug */,
				658DE4172C0157CD0051EBC5 /* Release */,
			);
			defaultConfigurationIsVisible = 0;
			defaultConfigurationName = Release;
		};
/* End XCConfigurationList section */
	};
	rootObject = 658DE3F92C0157CB0051EBC5 /* Project object */;
}
